
Microsoft Visual Studio Solution File, Format Version 12.00
# Visual Studio 15
VisualStudioVersion = 15.0.28307.902
MinimumVisualStudioVersion = 10.0.40219.1
Project("{FAE04EC0-301F-11D3-BF4B-00C04F79EFBC}") = "lab 6", "lab 6\lab 6.csproj", "{7877F0D5-14E7-4C17-8DFB-42A7F64455F2}"
EndProject
Global
	GlobalSection(SolutionConfigurationPlatforms) = preSolution
		Debug|Any CPU = Debug|Any CPU
		Release|Any CPU = Release|Any CPU
	EndGlobalSection
	GlobalSection(ProjectConfigurationPlatforms) = postSolution
		{7877F0D5-14E7-4C17-8DFB-42A7F64455F2}.Debug|Any CPU.ActiveCfg = Debug|Any CPU
		{7877F0D5-14E7-4C17-8DFB-42A7F64455F2}.Debug|Any CPU.Build.0 = Debug|Any CPU
		{7877F0D5-14E7-4C17-8DFB-42A7F64455F2}.Release|Any CPU.ActiveCfg = Release|Any CPU
		{7877F0D5-14E7-4C17-8DFB-42A7F64455F2}.Release|Any CPU.Build.0 = Release|Any CPU
	EndGlobalSection
	GlobalSection(SolutionProperties) = preSolution
		HideSolutionNode = FALSE
	EndGlobalSection
	GlobalSection(ExtensibilityGlobals) = postSolution
		SolutionGuid = {DE27DC57-FCBD-4C8F-96FC-84E85B453390}
	EndGlobalSection
EndGlobal
