
Microsoft Visual Studio Solution File, Format Version 12.00
# Visual Studio 15
VisualStudioVersion = 15.0.28307.902
MinimumVisualStudioVersion = 10.0.40219.1
Project("{FAE04EC0-301F-11D3-BF4B-00C04F79EFBC}") = "Lab7", "Lab7\Lab7.csproj", "{81C192A4-648A-4D4A-92DE-06821DF8ED7E}"
EndProject
Project("{FAE04EC0-301F-11D3-BF4B-00C04F79EFBC}") = "UnitTestProject1", "UnitTestProject1\UnitTestProject1.csproj", "{CAD68D50-D288-4F8D-8852-B0D727E8C565}"
EndProject
Global
	GlobalSection(SolutionConfigurationPlatforms) = preSolution
		Debug|Any CPU = Debug|Any CPU
		Release|Any CPU = Release|Any CPU
	EndGlobalSection
	GlobalSection(ProjectConfigurationPlatforms) = postSolution
		{81C192A4-648A-4D4A-92DE-06821DF8ED7E}.Debug|Any CPU.ActiveCfg = Debug|Any CPU
		{81C192A4-648A-4D4A-92DE-06821DF8ED7E}.Debug|Any CPU.Build.0 = Debug|Any CPU
		{81C192A4-648A-4D4A-92DE-06821DF8ED7E}.Release|Any CPU.ActiveCfg = Release|Any CPU
		{81C192A4-648A-4D4A-92DE-06821DF8ED7E}.Release|Any CPU.Build.0 = Release|Any CPU
		{CAD68D50-D288-4F8D-8852-B0D727E8C565}.Debug|Any CPU.ActiveCfg = Debug|Any CPU
		{CAD68D50-D288-4F8D-8852-B0D727E8C565}.Debug|Any CPU.Build.0 = Debug|Any CPU
		{CAD68D50-D288-4F8D-8852-B0D727E8C565}.Release|Any CPU.ActiveCfg = Release|Any CPU
		{CAD68D50-D288-4F8D-8852-B0D727E8C565}.Release|Any CPU.Build.0 = Release|Any CPU
	EndGlobalSection
	GlobalSection(SolutionProperties) = preSolution
		HideSolutionNode = FALSE
	EndGlobalSection
	GlobalSection(ExtensibilityGlobals) = postSolution
		SolutionGuid = {F544D1DD-E774-43E3-A3A8-44357BBD4AAF}
	EndGlobalSection
EndGlobal
